
Microsoft Visual Studio Solution File, Format Version 12.00
# Visual Studio Version 17
VisualStudioVersion = 17.8.34309.116
MinimumVisualStudioVersion = 10.0.40219.1
Project("{FAE04EC0-301F-11D3-BF4B-00C04F79EFBC}") = "1ST-CONTACT-ASSIGNMENT", "1ST-CONTACT-ASSIGNMENT\1ST-CONTACT-ASSIGNMENT.csproj", "{A6420C1B-ED1E-4881-8953-059210A26506}"
EndProject
Global
	GlobalSection(SolutionConfigurationPlatforms) = preSolution
		Debug|Any CPU = Debug|Any CPU
		Release|Any CPU = Release|Any CPU
	EndGlobalSection
	GlobalSection(ProjectConfigurationPlatforms) = postSolution
		{A6420C1B-ED1E-4881-8953-059210A26506}.Debug|Any CPU.ActiveCfg = Debug|Any CPU
		{A6420C1B-ED1E-4881-8953-059210A26506}.Debug|Any CPU.Build.0 = Debug|Any CPU
		{A6420C1B-ED1E-4881-8953-059210A26506}.Release|Any CPU.ActiveCfg = Release|Any CPU
		{A6420C1B-ED1E-4881-8953-059210A26506}.Release|Any CPU.Build.0 = Release|Any CPU
	EndGlobalSection
	GlobalSection(SolutionProperties) = preSolution
		HideSolutionNode = FALSE
	EndGlobalSection
	GlobalSection(ExtensibilityGlobals) = postSolution
		SolutionGuid = {767C4C7A-C5B0-4EFD-8E84-C97462FDDE7A}
	EndGlobalSection
EndGlobal
